
Microsoft Visual Studio Solution File, Format Version 12.00
# Visual Studio 2012
VisualStudioVersion = 12.0.30501.0
MinimumVisualStudioVersion = 10.0.40219.1
Project("{FAE04EC0-301F-11D3-BF4B-00C04F79EFBC}") = "PocketButler.iOS", "PocketButler\PocketButler.iOS\PocketButler.iOS.csproj", "{AD4E2211-393B-4EB2-A23E-EF60DBAC2A93}"
EndProject
Project("{FAE04EC0-301F-11D3-BF4B-00C04F79EFBC}") = "PocketButler.Android", "PocketButler\PocketButler.Android\PocketButler.Android.csproj", "{51B3C5C0-F812-40A9-8228-1EF04C1C8B87}"
EndProject
Project("{FAE04EC0-301F-11D3-BF4B-00C04F79EFBC}") = "PocketButler.WinPhone", "PocketButler\PocketButler.WinPhone\PocketButler.WinPhone.csproj", "{A95BF2B9-9EAD-47CD-BFF3-D3C723CFA27E}"
EndProject
Project("{D954291E-2A0B-460D-934E-DC6B0785DB48}") = "PocketButler", "PocketButler\PocketButler\PocketButler.shproj", "{3C8A6035-0308-411B-A740-D846A112A90E}"
EndProject
Global
	GlobalSection(SolutionConfigurationPlatforms) = preSolution
		Ad-Hoc|Any CPU = Ad-Hoc|Any CPU
		Ad-Hoc|ARM = Ad-Hoc|ARM
		Ad-Hoc|iPhone = Ad-Hoc|iPhone
		Ad-Hoc|iPhoneSimulator = Ad-Hoc|iPhoneSimulator
		Ad-Hoc|Mixed Platforms = Ad-Hoc|Mixed Platforms
		Ad-Hoc|x86 = Ad-Hoc|x86
		AppStore|Any CPU = AppStore|Any CPU
		AppStore|ARM = AppStore|ARM
		AppStore|iPhone = AppStore|iPhone
		AppStore|iPhoneSimulator = AppStore|iPhoneSimulator
		AppStore|Mixed Platforms = AppStore|Mixed Platforms
		AppStore|x86 = AppStore|x86
		Debug|Any CPU = Debug|Any CPU
		Debug|ARM = Debug|ARM
		Debug|iPhone = Debug|iPhone
		Debug|iPhoneSimulator = Debug|iPhoneSimulator
		Debug|Mixed Platforms = Debug|Mixed Platforms
		Debug|x86 = Debug|x86
		Release|Any CPU = Release|Any CPU
		Release|ARM = Release|ARM
		Release|iPhone = Release|iPhone
		Release|iPhoneSimulator = Release|iPhoneSimulator
		Release|Mixed Platforms = Release|Mixed Platforms
		Release|x86 = Release|x86
	EndGlobalSection
	GlobalSection(ProjectConfigurationPlatforms) = postSolution
		{51B3C5C0-F812-40A9-8228-1EF04C1C8B87}.Ad-Hoc|Any CPU.ActiveCfg = Release|Any CPU
		{51B3C5C0-F812-40A9-8228-1EF04C1C8B87}.Ad-Hoc|Any CPU.Build.0 = Release|Any CPU
		{51B3C5C0-F812-40A9-8228-1EF04C1C8B87}.Ad-Hoc|Any CPU.Deploy.0 = Release|Any CPU
		{51B3C5C0-F812-40A9-8228-1EF04C1C8B87}.Ad-Hoc|ARM.ActiveCfg = Release|Any CPU
		{51B3C5C0-F812-40A9-8228-1EF04C1C8B87}.Ad-Hoc|iPhone.ActiveCfg = Release|Any CPU
		{51B3C5C0-F812-40A9-8228-1EF04C1C8B87}.Ad-Hoc|iPhoneSimulator.ActiveCfg = Release|Any CPU
		{51B3C5C0-F812-40A9-8228-1EF04C1C8B87}.Ad-Hoc|Mixed Platforms.ActiveCfg = Release|Any CPU
		{51B3C5C0-F812-40A9-8228-1EF04C1C8B87}.Ad-Hoc|Mixed Platforms.Build.0 = Release|Any CPU
		{51B3C5C0-F812-40A9-8228-1EF04C1C8B87}.Ad-Hoc|Mixed Platforms.Deploy.0 = Release|Any CPU
		{51B3C5C0-F812-40A9-8228-1EF04C1C8B87}.Ad-Hoc|x86.ActiveCfg = Release|Any CPU
		{51B3C5C0-F812-40A9-8228-1EF04C1C8B87}.AppStore|Any CPU.ActiveCfg = Release|Any CPU
		{51B3C5C0-F812-40A9-8228-1EF04C1C8B87}.AppStore|Any CPU.Build.0 = Release|Any CPU
		{51B3C5C0-F812-40A9-8228-1EF04C1C8B87}.AppStore|Any CPU.Deploy.0 = Release|Any CPU
		{51B3C5C0-F812-40A9-8228-1EF04C1C8B87}.AppStore|ARM.ActiveCfg = Release|Any CPU
		{51B3C5C0-F812-40A9-8228-1EF04C1C8B87}.AppStore|iPhone.ActiveCfg = Release|Any CPU
		{51B3C5C0-F812-40A9-8228-1EF04C1C8B87}.AppStore|iPhoneSimulator.ActiveCfg = Release|Any CPU
		{51B3C5C0-F812-40A9-8228-1EF04C1C8B87}.AppStore|Mixed Platforms.ActiveCfg = Release|Any CPU
		{51B3C5C0-F812-40A9-8228-1EF04C1C8B87}.AppStore|Mixed Platforms.Build.0 = Release|Any CPU
		{51B3C5C0-F812-40A9-8228-1EF04C1C8B87}.AppStore|Mixed Platforms.Deploy.0 = Release|Any CPU
		{51B3C5C0-F812-40A9-8228-1EF04C1C8B87}.AppStore|x86.ActiveCfg = Release|Any CPU
		{51B3C5C0-F812-40A9-8228-1EF04C1C8B87}.Debug|Any CPU.ActiveCfg = Debug|Any CPU
		{51B3C5C0-F812-40A9-8228-1EF04C1C8B87}.Debug|Any CPU.Build.0 = Debug|Any CPU
		{51B3C5C0-F812-40A9-8228-1EF04C1C8B87}.Debug|Any CPU.Deploy.0 = Debug|Any CPU
		{51B3C5C0-F812-40A9-8228-1EF04C1C8B87}.Debug|ARM.ActiveCfg = Debug|Any CPU
		{51B3C5C0-F812-40A9-8228-1EF04C1C8B87}.Debug|iPhone.ActiveCfg = Debug|Any CPU
		{51B3C5C0-F812-40A9-8228-1EF04C1C8B87}.Debug|iPhoneSimulator.ActiveCfg = Debug|Any CPU
		{51B3C5C0-F812-40A9-8228-1EF04C1C8B87}.Debug|Mixed Platforms.ActiveCfg = Debug|Any CPU
		{51B3C5C0-F812-40A9-8228-1EF04C1C8B87}.Debug|Mixed Platforms.Build.0 = Debug|Any CPU
		{51B3C5C0-F812-40A9-8228-1EF04C1C8B87}.Debug|Mixed Platforms.Deploy.0 = Debug|Any CPU
		{51B3C5C0-F812-40A9-8228-1EF04C1C8B87}.Debug|x86.ActiveCfg = Debug|Any CPU
		{51B3C5C0-F812-40A9-8228-1EF04C1C8B87}.Release|Any CPU.ActiveCfg = Release|Any CPU
		{51B3C5C0-F812-40A9-8228-1EF04C1C8B87}.Release|Any CPU.Build.0 = Release|Any CPU
		{51B3C5C0-F812-40A9-8228-1EF04C1C8B87}.Release|Any CPU.Deploy.0 = Release|Any CPU
		{51B3C5C0-F812-40A9-8228-1EF04C1C8B87}.Release|ARM.ActiveCfg = Release|Any CPU
		{51B3C5C0-F812-40A9-8228-1EF04C1C8B87}.Release|iPhone.ActiveCfg = Release|Any CPU
		{51B3C5C0-F812-40A9-8228-1EF04C1C8B87}.Release|iPhoneSimulator.ActiveCfg = Release|Any CPU
		{51B3C5C0-F812-40A9-8228-1EF04C1C8B87}.Release|Mixed Platforms.ActiveCfg = Release|Any CPU
		{51B3C5C0-F812-40A9-8228-1EF04C1C8B87}.Release|Mixed Platforms.Build.0 = Release|Any CPU
		{51B3C5C0-F812-40A9-8228-1EF04C1C8B87}.Release|Mixed Platforms.Deploy.0 = Release|Any CPU
		{51B3C5C0-F812-40A9-8228-1EF04C1C8B87}.Release|x86.ActiveCfg = Release|Any CPU
		{A95BF2B9-9EAD-47CD-BFF3-D3C723CFA27E}.Ad-Hoc|Any CPU.ActiveCfg = Release|Any CPU
		{A95BF2B9-9EAD-47CD-BFF3-D3C723CFA27E}.Ad-Hoc|Any CPU.Build.0 = Release|Any CPU
		{A95BF2B9-9EAD-47CD-BFF3-D3C723CFA27E}.Ad-Hoc|Any CPU.Deploy.0 = Release|Any CPU
		{A95BF2B9-9EAD-47CD-BFF3-D3C723CFA27E}.Ad-Hoc|ARM.ActiveCfg = Release|ARM
		{A95BF2B9-9EAD-47CD-BFF3-D3C723CFA27E}.Ad-Hoc|ARM.Build.0 = Release|ARM
		{A95BF2B9-9EAD-47CD-BFF3-D3C723CFA27E}.Ad-Hoc|ARM.Deploy.0 = Release|ARM
		{A95BF2B9-9EAD-47CD-BFF3-D3C723CFA27E}.Ad-Hoc|iPhone.ActiveCfg = Release|Any CPU
		{A95BF2B9-9EAD-47CD-BFF3-D3C723CFA27E}.Ad-Hoc|iPhoneSimulator.ActiveCfg = Release|Any CPU
		{A95BF2B9-9EAD-47CD-BFF3-D3C723CFA27E}.Ad-Hoc|Mixed Platforms.ActiveCfg = Release|x86
		{A95BF2B9-9EAD-47CD-BFF3-D3C723CFA27E}.Ad-Hoc|Mixed Platforms.Build.0 = Release|x86
		{A95BF2B9-9EAD-47CD-BFF3-D3C723CFA27E}.Ad-Hoc|Mixed Platforms.Deploy.0 = Release|x86
		{A95BF2B9-9EAD-47CD-BFF3-D3C723CFA27E}.Ad-Hoc|x86.ActiveCfg = Release|x86
		{A95BF2B9-9EAD-47CD-BFF3-D3C723CFA27E}.Ad-Hoc|x86.Build.0 = Release|x86
		{A95BF2B9-9EAD-47CD-BFF3-D3C723CFA27E}.Ad-Hoc|x86.Deploy.0 = Release|x86
		{A95BF2B9-9EAD-47CD-BFF3-D3C723CFA27E}.AppStore|Any CPU.ActiveCfg = Release|Any CPU
		{A95BF2B9-9EAD-47CD-BFF3-D3C723CFA27E}.AppStore|Any CPU.Build.0 = Release|Any CPU
		{A95BF2B9-9EAD-47CD-BFF3-D3C723CFA27E}.AppStore|Any CPU.Deploy.0 = Release|Any CPU
		{A95BF2B9-9EAD-47CD-BFF3-D3C723CFA27E}.AppStore|ARM.ActiveCfg = Release|ARM
		{A95BF2B9-9EAD-47CD-BFF3-D3C723CFA27E}.AppStore|ARM.Build.0 = Release|ARM
		{A95BF2B9-9EAD-47CD-BFF3-D3C723CFA27E}.AppStore|ARM.Deploy.0 = Release|ARM
		{A95BF2B9-9EAD-47CD-BFF3-D3C723CFA27E}.AppStore|iPhone.ActiveCfg = Release|Any CPU
		{A95BF2B9-9EAD-47CD-BFF3-D3C723CFA27E}.AppStore|iPhoneSimulator.ActiveCfg = Release|Any CPU
		{A95BF2B9-9EAD-47CD-BFF3-D3C723CFA27E}.AppStore|Mixed Platforms.ActiveCfg = Release|x86
		{A95BF2B9-9EAD-47CD-BFF3-D3C723CFA27E}.AppStore|Mixed Platforms.Build.0 = Release|x86
		{A95BF2B9-9EAD-47CD-BFF3-D3C723CFA27E}.AppStore|Mixed Platforms.Deploy.0 = Release|x86
		{A95BF2B9-9EAD-47CD-BFF3-D3C723CFA27E}.AppStore|x86.ActiveCfg = Release|x86
		{A95BF2B9-9EAD-47CD-BFF3-D3C723CFA27E}.AppStore|x86.Build.0 = Release|x86
		{A95BF2B9-9EAD-47CD-BFF3-D3C723CFA27E}.AppStore|x86.Deploy.0 = Release|x86
		{A95BF2B9-9EAD-47CD-BFF3-D3C723CFA27E}.Debug|Any CPU.ActiveCfg = Debug|Any CPU
		{A95BF2B9-9EAD-47CD-BFF3-D3C723CFA27E}.Debug|Any CPU.Build.0 = Debug|Any CPU
		{A95BF2B9-9EAD-47CD-BFF3-D3C723CFA27E}.Debug|Any CPU.Deploy.0 = Debug|Any CPU
		{A95BF2B9-9EAD-47CD-BFF3-D3C723CFA27E}.Debug|ARM.ActiveCfg = Debug|ARM
		{A95BF2B9-9EAD-47CD-BFF3-D3C723CFA27E}.Debug|ARM.Build.0 = Debug|ARM
		{A95BF2B9-9EAD-47CD-BFF3-D3C723CFA27E}.Debug|ARM.Deploy.0 = Debug|ARM
		{A95BF2B9-9EAD-47CD-BFF3-D3C723CFA27E}.Debug|iPhone.ActiveCfg = Debug|Any CPU
		{A95BF2B9-9EAD-47CD-BFF3-D3C723CFA27E}.Debug|iPhoneSimulator.ActiveCfg = Debug|Any CPU
		{A95BF2B9-9EAD-47CD-BFF3-D3C723CFA27E}.Debug|Mixed Platforms.ActiveCfg = Debug|x86
		{A95BF2B9-9EAD-47CD-BFF3-D3C723CFA27E}.Debug|Mixed Platforms.Build.0 = Debug|x86
		{A95BF2B9-9EAD-47CD-BFF3-D3C723CFA27E}.Debug|Mixed Platforms.Deploy.0 = Debug|x86
		{A95BF2B9-9EAD-47CD-BFF3-D3C723CFA27E}.Debug|x86.ActiveCfg = Debug|x86
		{A95BF2B9-9EAD-47CD-BFF3-D3C723CFA27E}.Debug|x86.Build.0 = Debug|x86
		{A95BF2B9-9EAD-47CD-BFF3-D3C723CFA27E}.Debug|x86.Deploy.0 = Debug|x86
		{A95BF2B9-9EAD-47CD-BFF3-D3C723CFA27E}.Release|Any CPU.ActiveCfg = Release|Any CPU
		{A95BF2B9-9EAD-47CD-BFF3-D3C723CFA27E}.Release|Any CPU.Build.0 = Release|Any CPU
		{A95BF2B9-9EAD-47CD-BFF3-D3C723CFA27E}.Release|Any CPU.Deploy.0 = Release|Any CPU
		{A95BF2B9-9EAD-47CD-BFF3-D3C723CFA27E}.Release|ARM.ActiveCfg = Release|ARM
		{A95BF2B9-9EAD-47CD-BFF3-D3C723CFA27E}.Release|ARM.Build.0 = Release|ARM
		{A95BF2B9-9EAD-47CD-BFF3-D3C723CFA27E}.Release|ARM.Deploy.0 = Release|ARM
		{A95BF2B9-9EAD-47CD-BFF3-D3C723CFA27E}.Release|iPhone.ActiveCfg = Release|Any CPU
		{A95BF2B9-9EAD-47CD-BFF3-D3C723CFA27E}.Release|iPhoneSimulator.ActiveCfg = Release|Any CPU
		{A95BF2B9-9EAD-47CD-BFF3-D3C723CFA27E}.Release|Mixed Platforms.ActiveCfg = Release|x86
		{A95BF2B9-9EAD-47CD-BFF3-D3C723CFA27E}.Release|Mixed Platforms.Build.0 = Release|x86
		{A95BF2B9-9EAD-47CD-BFF3-D3C723CFA27E}.Release|Mixed Platforms.Deploy.0 = Release|x86
		{A95BF2B9-9EAD-47CD-BFF3-D3C723CFA27E}.Release|x86.ActiveCfg = Release|x86
		{A95BF2B9-9EAD-47CD-BFF3-D3C723CFA27E}.Release|x86.Build.0 = Release|x86
		{A95BF2B9-9EAD-47CD-BFF3-D3C723CFA27E}.Release|x86.Deploy.0 = Release|x86
		{AD4E2211-393B-4EB2-A23E-EF60DBAC2A93}.Ad-Hoc|Any CPU.ActiveCfg = Ad-Hoc|iPhone
		{AD4E2211-393B-4EB2-A23E-EF60DBAC2A93}.Ad-Hoc|ARM.ActiveCfg = Ad-Hoc|iPhone
		{AD4E2211-393B-4EB2-A23E-EF60DBAC2A93}.Ad-Hoc|iPhone.ActiveCfg = Ad-Hoc|iPhone
		{AD4E2211-393B-4EB2-A23E-EF60DBAC2A93}.Ad-Hoc|iPhone.Build.0 = Ad-Hoc|iPhone
		{AD4E2211-393B-4EB2-A23E-EF60DBAC2A93}.Ad-Hoc|iPhoneSimulator.ActiveCfg = Ad-Hoc|iPhoneSimulator
		{AD4E2211-393B-4EB2-A23E-EF60DBAC2A93}.Ad-Hoc|iPhoneSimulator.Build.0 = Ad-Hoc|iPhoneSimulator
		{AD4E2211-393B-4EB2-A23E-EF60DBAC2A93}.Ad-Hoc|Mixed Platforms.ActiveCfg = Ad-Hoc|iPhone
		{AD4E2211-393B-4EB2-A23E-EF60DBAC2A93}.Ad-Hoc|Mixed Platforms.Build.0 = Ad-Hoc|iPhone
		{AD4E2211-393B-4EB2-A23E-EF60DBAC2A93}.Ad-Hoc|x86.ActiveCfg = Ad-Hoc|iPhone
		{AD4E2211-393B-4EB2-A23E-EF60DBAC2A93}.AppStore|Any CPU.ActiveCfg = AppStore|iPhone
		{AD4E2211-393B-4EB2-A23E-EF60DBAC2A93}.AppStore|ARM.ActiveCfg = AppStore|iPhone
		{AD4E2211-393B-4EB2-A23E-EF60DBAC2A93}.AppStore|iPhone.ActiveCfg = AppStore|iPhone
		{AD4E2211-393B-4EB2-A23E-EF60DBAC2A93}.AppStore|iPhone.Build.0 = AppStore|iPhone
		{AD4E2211-393B-4EB2-A23E-EF60DBAC2A93}.AppStore|iPhoneSimulator.ActiveCfg = AppStore|iPhoneSimulator
		{AD4E2211-393B-4EB2-A23E-EF60DBAC2A93}.AppStore|iPhoneSimulator.Build.0 = AppStore|iPhoneSimulator
		{AD4E2211-393B-4EB2-A23E-EF60DBAC2A93}.AppStore|Mixed Platforms.ActiveCfg = AppStore|iPhone
		{AD4E2211-393B-4EB2-A23E-EF60DBAC2A93}.AppStore|Mixed Platforms.Build.0 = AppStore|iPhone
		{AD4E2211-393B-4EB2-A23E-EF60DBAC2A93}.AppStore|x86.ActiveCfg = AppStore|iPhone
		{AD4E2211-393B-4EB2-A23E-EF60DBAC2A93}.Debug|Any CPU.ActiveCfg = Debug|iPhone
		{AD4E2211-393B-4EB2-A23E-EF60DBAC2A93}.Debug|Any CPU.Build.0 = Debug|iPhone
		{AD4E2211-393B-4EB2-A23E-EF60DBAC2A93}.Debug|ARM.ActiveCfg = Debug|iPhone
		{AD4E2211-393B-4EB2-A23E-EF60DBAC2A93}.Debug|iPhone.ActiveCfg = Debug|iPhone
		{AD4E2211-393B-4EB2-A23E-EF60DBAC2A93}.Debug|iPhone.Build.0 = Debug|iPhone
		{AD4E2211-393B-4EB2-A23E-EF60DBAC2A93}.Debug|iPhoneSimulator.ActiveCfg = Debug|iPhoneSimulator
		{AD4E2211-393B-4EB2-A23E-EF60DBAC2A93}.Debug|iPhoneSimulator.Build.0 = Debug|iPhoneSimulator
		{AD4E2211-393B-4EB2-A23E-EF60DBAC2A93}.Debug|Mixed Platforms.ActiveCfg = Debug|iPhone
		{AD4E2211-393B-4EB2-A23E-EF60DBAC2A93}.Debug|Mixed Platforms.Build.0 = Debug|iPhone
		{AD4E2211-393B-4EB2-A23E-EF60DBAC2A93}.Debug|x86.ActiveCfg = Debug|iPhone
		{AD4E2211-393B-4EB2-A23E-EF60DBAC2A93}.Release|Any CPU.ActiveCfg = Release|iPhone
		{AD4E2211-393B-4EB2-A23E-EF60DBAC2A93}.Release|ARM.ActiveCfg = Release|iPhone
		{AD4E2211-393B-4EB2-A23E-EF60DBAC2A93}.Release|iPhone.ActiveCfg = Release|iPhone
		{AD4E2211-393B-4EB2-A23E-EF60DBAC2A93}.Release|iPhone.Build.0 = Release|iPhone
		{AD4E2211-393B-4EB2-A23E-EF60DBAC2A93}.Release|iPhoneSimulator.ActiveCfg = Release|iPhoneSimulator
		{AD4E2211-393B-4EB2-A23E-EF60DBAC2A93}.Release|iPhoneSimulator.Build.0 = Release|iPhoneSimulator
		{AD4E2211-393B-4EB2-A23E-EF60DBAC2A93}.Release|Mixed Platforms.ActiveCfg = Release|iPhone
		{AD4E2211-393B-4EB2-A23E-EF60DBAC2A93}.Release|Mixed Platforms.Build.0 = Release|iPhone
		{AD4E2211-393B-4EB2-A23E-EF60DBAC2A93}.Release|x86.ActiveCfg = Release|iPhone
	EndGlobalSection
	GlobalSection(SharedMSBuildProjectFiles) = preSolution
		PocketButler\PocketButler\PocketButler.projitems*{51b3c5c0-f812-40a9-8228-1ef04c1c8b87}*SharedItemsImports = 4
		PocketButler\PocketButler\PocketButler.projitems*{3c8a6035-0308-411b-a740-d846a112a90e}*SharedItemsImports = 13
		PocketButler\PocketButler\PocketButler.projitems*{ad4e2211-393b-4eb2-a23e-ef60dbac2a93}*SharedItemsImports = 4
	EndGlobalSection
	GlobalSection(SolutionProperties) = preSolution
		HideSolutionNode = FALSE
	EndGlobalSection
EndGlobal
